{
  "version": 1,
  "dependencies": {
    "net10.0": {
      "Microsoft.NET.Test.Sdk": {
        "type": "Direct",
        "requested": "[17.8.0, )",
        "resolved": "17.8.0",
        "contentHash": "BmTYGbD/YuDHmApIENdoyN1jCk0Rj1fJB0+B/fVekyTdVidr91IlzhqzytiUgaEAzL1ZJcYCme0MeBMYvJVzvw==",
        "dependencies": {
          "Microsoft.CodeCoverage": "17.8.0",
          "Microsoft.TestPlatform.TestHost": "17.8.0"
        }
      },
      "xunit": {
        "type": "Direct",
        "requested": "[2.6.2, )",
        "resolved": "2.9.2",
        "contentHash": "7LhFS2N9Z6Xgg8aE5lY95cneYivRMfRI8v+4PATa4S64D5Z/Plkg0qa8dTRHSiGRgVZ/CL2gEfJDE5AUhOX+2Q==",
        "dependencies": {
          "xunit.analyzers": "1.16.0",
          "xunit.assert": "2.9.2",
          "xunit.core": "[2.9.2]"
        }
      },
      "xunit.runner.visualstudio": {
        "type": "Direct",
        "requested": "[2.5.4, )",
        "resolved": "2.8.2",
        "contentHash": "vm1tbfXhFmjFMUmS4M0J0ASXz3/U5XvXBa6DOQUL3fEz4Vt6YPhv+ESCarx6M6D+9kJkJYZKCNvJMas1+nVfmQ=="
      },
      "Avalonia": {
        "type": "Transitive",
        "resolved": "11.3.9",
        "contentHash": "YfaTrUxcmVTsGOw2YqdZyunHqZArK16m1pYfNIBvyvAgX89Pzd3A1PgoMkf64u7scL23IN6HkfqhZeFcbYWLoA==",
        "dependencies": {
          "Avalonia.BuildServices": "11.3.2",
          "Avalonia.Remote.Protocol": "11.3.9",
          "MicroCom.Runtime": "0.11.0"
        }
      },
      "Avalonia.Angle.Windows.Natives": {
        "type": "Transitive",
        "resolved": "2.1.25547.20250602",
        "contentHash": "ZL0VLc4s9rvNNFt19Pxm5UNAkmKNylugAwJPX9ulXZ6JWs/l6XZihPWWTyezaoNOVyEPU8YbURtW7XMAtqXH5A=="
      },
      "Avalonia.BuildServices": {
        "type": "Transitive",
        "resolved": "11.3.2",
        "contentHash": "qHDToxto1e3hci5YqbG9n0Ty8mlp3zBUN5wT66wKqaDVzXyQ0do3EnRILd4Ke9jpvsktaPpgE0YjEk7hornryQ=="
      },
      "Avalonia.Controls.ColorPicker": {
        "type": "Transitive",
        "resolved": "11.3.9",
        "contentHash": "AVn/h8R/jhlHLIImECZnCTpcrcRo319J7y2gJ/YU4ELMaCsRTmWY3dxlRyBDbyCukURTupGmsPy6gb7XEYbWow==",
        "dependencies": {
          "Avalonia": "11.3.9",
          "Avalonia.Remote.Protocol": "11.3.9"
        }
      },
      "Avalonia.Desktop": {
        "type": "Transitive",
        "resolved": "11.3.9",
        "contentHash": "zOHbAssjjLz85a2RONK2UMfV/uqMtot9lxcUrSrwa3SneEm8ALeg6Pewc0u/YqvVRI5pyTm4HCtN9w5yRK0uZg==",
        "dependencies": {
          "Avalonia": "11.3.9",
          "Avalonia.Native": "11.3.9",
          "Avalonia.Skia": "11.3.9",
          "Avalonia.Win32": "11.3.9",
          "Avalonia.X11": "11.3.9"
        }
      },
      "Avalonia.Diagnostics": {
        "type": "Transitive",
        "resolved": "11.3.9",
        "contentHash": "d2XGagyYZvFGv6adGrEzCNyoF+6Pfl+YU9zfUE4XyYBMw1zQcv2TBL6nRduZnqlCovf+zJZnNHA8cqpvwWJp7Q==",
        "dependencies": {
          "Avalonia": "11.3.9",
          "Avalonia.Controls.ColorPicker": "11.3.9",
          "Avalonia.Themes.Simple": "11.3.9"
        }
      },
      "Avalonia.Fonts.Inter": {
        "type": "Transitive",
        "resolved": "11.3.9",
        "contentHash": "g5qaObmtQUNqtuONcoYv6wrN3fNZ3ATyBohOtFAEyopwwFNQPcQaA+JSgW+AFmdBXaBOuvxthD8P4qglagNUvw==",
        "dependencies": {
          "Avalonia": "11.3.9"
        }
      },
      "Avalonia.FreeDesktop": {
        "type": "Transitive",
        "resolved": "11.3.9",
        "contentHash": "PLFQTyzo9T7PpFgE0vYgWjxOXAKwStUxMDdLZAw3vaczKBheUNj2sINiFo60dYPMbW9f2yAVHfHcnReRsjuLDg==",
        "dependencies": {
          "Avalonia": "11.3.9",
          "Tmds.DBus.Protocol": "0.21.2"
        }
      },
      "Avalonia.Native": {
        "type": "Transitive",
        "resolved": "11.3.9",
        "contentHash": "l8hIlbLOMRVPM0RPX1Er+qnhoGi8TcfTe60f7sxsAbVbvVFC1hdzCya0SyU+F2nWLoFH8AF2/KRPbkM2f4OjXw==",
        "dependencies": {
          "Avalonia": "11.3.9"
        }
      },
      "Avalonia.Remote.Protocol": {
        "type": "Transitive",
        "resolved": "11.3.9",
        "contentHash": "2XVLTSNa+Nvwu4D8NqqdudhllTaCRA9ZKlLZZvYLZeuLlzg7OcAV+df/biHQc6AqOv7iMFR9K5Zt3wG0EF4KfQ=="
      },
      "Avalonia.Skia": {
        "type": "Transitive",
        "resolved": "11.3.9",
        "contentHash": "8Jg1D9RxL377uUz8kiJcgvTfc/jQKF1jvNTkih+lRFmjMA8ZdLt4ZB5E6Yd6lIRH25DbE/4+oHe8pKHey3LfgQ==",
        "dependencies": {
          "Avalonia": "11.3.9",
          "HarfBuzzSharp": "8.3.1.1",
          "HarfBuzzSharp.NativeAssets.Linux": "8.3.1.1",
          "HarfBuzzSharp.NativeAssets.WebAssembly": "8.3.1.1",
          "SkiaSharp": "2.88.9",
          "SkiaSharp.NativeAssets.Linux": "2.88.9",
          "SkiaSharp.NativeAssets.WebAssembly": "2.88.9"
        }
      },
      "Avalonia.Themes.Fluent": {
        "type": "Transitive",
        "resolved": "11.3.9",
        "contentHash": "XSgQxSRKgK/yNhkKa1rGuEUDISi+VNxwoj1pq4JUhFd1XXk/dqGsc4MfESItwTyGEYJH+HDbWfWEPVDDxAfUJg==",
        "dependencies": {
          "Avalonia": "11.3.9"
        }
      },
      "Avalonia.Themes.Simple": {
        "type": "Transitive",
        "resolved": "11.3.9",
        "contentHash": "BicF6GQJJs6sI5+GcuTujnUdMijVyBpD3QD9O9ZpqkSSDE3vyZFbRZb5MyCBlPu/LxPANnKoTW95erlpYIICTw==",
        "dependencies": {
          "Avalonia": "11.3.9"
        }
      },
      "Avalonia.Win32": {
        "type": "Transitive",
        "resolved": "11.3.9",
        "contentHash": "gWOlzYCO1278eRwnvlmGd346nUgWu30MetwfMmBZ4flQrjoQNXB5rUrpQxLS1egyvpupkeUSFDuyJSK/qqcX/g==",
        "dependencies": {
          "Avalonia": "11.3.9",
          "Avalonia.Angle.Windows.Natives": "2.1.25547.20250602"
        }
      },
      "Avalonia.X11": {
        "type": "Transitive",
        "resolved": "11.3.9",
        "contentHash": "YurSHKV585ydR7CaifcHroY2ujZJR4LZpDtHW9KOCowMcFhbzXNSI0unxAyF5nMQbzg96Itl4gopDX7LulzuLg==",
        "dependencies": {
          "Avalonia": "11.3.9",
          "Avalonia.FreeDesktop": "11.3.9",
          "Avalonia.Skia": "11.3.9"
        }
      },
      "CommunityToolkit.Mvvm": {
        "type": "Transitive",
        "resolved": "8.4.0",
        "contentHash": "tqVU8yc/ADO9oiTRyTnwhFN68hCwvkliMierptWOudIAvWY1mWCh5VFh+guwHJmpMwfg0J0rY+yyd5Oy7ty9Uw=="
      },
      "CSharpMath": {
        "type": "Transitive",
        "resolved": "0.5.1",
        "contentHash": "CBAtejk24icPQNJWPjUDGUqklNLpfglpRxQljiezn2MQrxL5cIVuouCVnw6ipU3cft9Tq8YfS6f/JPhSjhFtFA=="
      },
      "CSharpMath.Editor": {
        "type": "Transitive",
        "resolved": "0.5.1",
        "contentHash": "q5MFAjI7TO41PtGFNHBFwOw3J3IS7Dnm7aJHEgPxMWE5wl1H5byOo0pJnGwXevjhoSRssGRJH2KCXgn0KbGJFQ==",
        "dependencies": {
          "CSharpMath": "0.5.1"
        }
      },
      "CSharpMath.Rendering": {
        "type": "Transitive",
        "resolved": "0.5.1",
        "contentHash": "H4tctQzgpQmLICON1QAJtfm3/dj4exoxEKTuF9oO5YkHXMANWNfOQKwVtAx6n78hcD6WidwF2v2pH8Z/cOw/gg==",
        "dependencies": {
          "CSharpMath.Editor": "0.5.1"
        }
      },
      "CSharpMath.SkiaSharp": {
        "type": "Transitive",
        "resolved": "0.5.1",
        "contentHash": "3SMI0o2EZi2/GskH6T5s9GDaBq9u0VBd/o8Geqd+FyPxEXCcmzECOZ3PdVdob/YNevl4okOTbqZrHZS2O28/ZQ==",
        "dependencies": {
          "CSharpMath.Rendering": "0.5.1",
          "SkiaSharp": "2.80.1"
        }
      },
      "HarfBuzzSharp": {
        "type": "Transitive",
        "resolved": "8.3.1.1",
        "contentHash": "tLZN66oe/uiRPTZfrCU4i8ScVGwqHNh5MHrXj0yVf4l7Mz0FhTGnQ71RGySROTmdognAs0JtluHkL41pIabWuQ==",
        "dependencies": {
          "HarfBuzzSharp.NativeAssets.Win32": "8.3.1.1",
          "HarfBuzzSharp.NativeAssets.macOS": "8.3.1.1"
        }
      },
      "HarfBuzzSharp.NativeAssets.Linux": {
        "type": "Transitive",
        "resolved": "8.3.1.1",
        "contentHash": "3EZ1mpIiKWRLL5hUYA82ZHteeDIVaEA/Z0rA/wU6tjx6crcAkJnBPwDXZugBSfo8+J3EznvRJf49uMsqYfKrHg=="
      },
      "HarfBuzzSharp.NativeAssets.macOS": {
        "type": "Transitive",
        "resolved": "8.3.1.1",
        "contentHash": "jbtCsgftcaFLCA13tVKo5iWdElJScrulLTKJre36O4YQTIlwDtPPqhRZNk+Y0vv4D1gxbscasGRucUDfS44ofQ=="
      },
      "HarfBuzzSharp.NativeAssets.WebAssembly": {
        "type": "Transitive",
        "resolved": "8.3.1.1",
        "contentHash": "loJweK2u/mH/3C2zBa0ggJlITIszOkK64HLAZB7FUT670dTg965whLFYHDQo69NmC4+d9UN0icLC9VHidXaVCA=="
      },
      "HarfBuzzSharp.NativeAssets.Win32": {
        "type": "Transitive",
        "resolved": "8.3.1.1",
        "contentHash": "UsJtQsfAJoFDZrXc4hCUfRPMqccfKZ0iumJ/upcUjz/cmsTgVFGNEL5yaJWmkqsuFYdMWbj/En5/kS4PFl9hBA=="
      },
      "Irony": {
        "type": "Transitive",
        "resolved": "1.5.3",
        "contentHash": "wy0LlNq9Bhqy2C9O5burGCJPB9CyWuWf/JHwcnaxnM5wapPEc7uW6MBBzkymrV/pS2UwETK/0nJXzhh5Y6wv4Q=="
      },
      "Irony.Interpreter": {
        "type": "Transitive",
        "resolved": "1.5.3",
        "contentHash": "3epGXHf+zEr3eYNVSTPtl9+KSwFvO5C8Yn2F3ZZLAKD25u7YsBupvvttesPEHul17zB59j9eTITVoydFjkWfnA==",
        "dependencies": {
          "Irony": "1.5.3"
        }
      },
      "MicroCom.Runtime": {
        "type": "Transitive",
        "resolved": "0.11.0",
        "contentHash": "MEnrZ3UIiH40hjzMDsxrTyi8dtqB5ziv3iBeeU4bXsL/7NLSal9F1lZKpK+tfBRnUoDSdtcW3KufE4yhATOMCA=="
      },
      "Microsoft.CodeCoverage": {
        "type": "Transitive",
        "resolved": "17.8.0",
        "contentHash": "KC8SXWbGIdoFVdlxKk9WHccm0llm9HypcHMLUUFabRiTS3SO2fQXNZfdiF3qkEdTJhbRrxhdRxjL4jbtwPq4Ew=="
      },
      "Microsoft.Extensions.DependencyInjection": {
        "type": "Transitive",
        "resolved": "10.0.2",
        "contentHash": "J/Zmp6fY93JbaiZ11ckWvcyxMPjD6XVwIHQXBjryTBgn7O6O20HYg9uVLFcZlNfgH78MnreE/7EH+hjfzn7VyA==",
        "dependencies": {
          "Microsoft.Extensions.DependencyInjection.Abstractions": "10.0.2"
        }
      },
      "Microsoft.Extensions.DependencyInjection.Abstractions": {
        "type": "Transitive",
        "resolved": "10.0.2",
        "contentHash": "zOIurr59+kUf9vNcsUkCvKWZv+fPosUZXURZesYkJCvl0EzTc9F7maAO4Cd2WEV7ZJJ0AZrFQvuH6Npph9wdBw=="
      },
      "Microsoft.TestPlatform.ObjectModel": {
        "type": "Transitive",
        "resolved": "17.8.0",
        "contentHash": "AYy6vlpGMfz5kOFq99L93RGbqftW/8eQTqjT9iGXW6s9MRP3UdtY8idJ8rJcjeSja8A18IhIro5YnH3uv1nz4g==",
        "dependencies": {
          "NuGet.Frameworks": "6.5.0"
        }
      },
      "Microsoft.TestPlatform.TestHost": {
        "type": "Transitive",
        "resolved": "17.8.0",
        "contentHash": "9ivcl/7SGRmOT0YYrHQGohWiT5YCpkmy/UEzldfVisLm6QxbLaK3FAJqZXI34rnRLmqqDCeMQxKINwmKwAPiDw==",
        "dependencies": {
          "Microsoft.TestPlatform.ObjectModel": "17.8.0",
          "Newtonsoft.Json": "13.0.1"
        }
      },
      "NAudio": {
        "type": "Transitive",
        "resolved": "2.2.1",
        "contentHash": "c0DzwiyyklM0TP39Y7RObwO3QkWecgM6H60ikiEnsV/aEAJPbj5MFCLaD8BSfKuZe0HGuh9GRGWWlJmSxDc9MA==",
        "dependencies": {
          "NAudio.Asio": "2.2.1",
          "NAudio.Core": "2.2.1",
          "NAudio.Midi": "2.2.1",
          "NAudio.Wasapi": "2.2.1",
          "NAudio.WinMM": "2.2.1"
        }
      },
      "NAudio.Asio": {
        "type": "Transitive",
        "resolved": "2.2.1",
        "contentHash": "hQglyOT5iT3XuGpBP8ZG0+aoqwRfidHjTNehpoWwX0g6KJEgtH2VaqM2nuJ2mheKZa/IBqB4YQTZVvrIapzfOA==",
        "dependencies": {
          "NAudio.Core": "2.2.1"
        }
      },
      "NAudio.Core": {
        "type": "Transitive",
        "resolved": "2.2.1",
        "contentHash": "GgkdP6K/7FqXFo7uHvoqGZTJvW4z8g2IffhOO4JHaLzKCdDOUEzVKtveoZkCuUX8eV2HAINqi7VFqlFndrnz/g=="
      },
      "NAudio.Midi": {
        "type": "Transitive",
        "resolved": "2.2.1",
        "contentHash": "6r23ylGo5aeP02WFXsPquz0T0hFJWyh+7t++tz19tc3Kr38NHm+Z9j+FiAv+xkH8tZqXJqus9Q8p6u7bidIgbw==",
        "dependencies": {
          "NAudio.Core": "2.2.1"
        }
      },
      "NAudio.Wasapi": {
        "type": "Transitive",
        "resolved": "2.2.1",
        "contentHash": "lFfXoqacZZe0WqNChJgGYI+XV/n/61LzPHT3C1CJp4khoxeo2sziyX5wzNYWeCMNbsWxFvT3b3iXeY1UYjBhZw==",
        "dependencies": {
          "NAudio.Core": "2.2.1"
        }
      },
      "NAudio.WinMM": {
        "type": "Transitive",
        "resolved": "2.2.1",
        "contentHash": "xFHRFwH4x6aq3IxRbewvO33ugJRvZFEOfO62i7uQJRUNW2cnu6BeBTHUS0JD5KBucZbHZaYqxQG8dwZ47ezQuQ==",
        "dependencies": {
          "NAudio.Core": "2.2.1"
        }
      },
      "Newtonsoft.Json": {
        "type": "Transitive",
        "resolved": "13.0.1",
        "contentHash": "ppPFpBcvxdsfUonNcvITKqLl3bqxWbDCZIzDWHzjpdAHRFfZe0Dw9HmA0+za13IdyrgJwpkDTDA9fHaxOrt20A=="
      },
      "NuGet.Frameworks": {
        "type": "Transitive",
        "resolved": "6.5.0",
        "contentHash": "QWINE2x3MbTODsWT1Gh71GaGb5icBz4chS8VYvTgsBnsi8esgN6wtHhydd7fvToWECYGq7T4cgBBDiKD/363fg=="
      },
      "SkiaSharp": {
        "type": "Transitive",
        "resolved": "2.88.9",
        "contentHash": "3MD5VHjXXieSHCleRLuaTXmL2pD0mB7CcOB1x2kA1I4bhptf4e3R27iM93264ZYuAq6mkUyX5XbcxnZvMJYc1Q==",
        "dependencies": {
          "SkiaSharp.NativeAssets.Win32": "2.88.9",
          "SkiaSharp.NativeAssets.macOS": "2.88.9"
        }
      },
      "SkiaSharp.NativeAssets.Linux": {
        "type": "Transitive",
        "resolved": "2.88.9",
        "contentHash": "cWSaJKVPWAaT/WIn9c8T5uT/l4ETwHxNJTkEOtNKjphNo8AW6TF9O32aRkxqw3l8GUdUo66Bu7EiqtFh/XG0Zg==",
        "dependencies": {
          "SkiaSharp": "2.88.9"
        }
      },
      "SkiaSharp.NativeAssets.macOS": {
        "type": "Transitive",
        "resolved": "2.88.9",
        "contentHash": "Nv5spmKc4505Ep7oUoJ5vp3KweFpeNqxpyGDWyeEPTX2uR6S6syXIm3gj75dM0YJz7NPvcix48mR5laqs8dPuA=="
      },
      "SkiaSharp.NativeAssets.WebAssembly": {
        "type": "Transitive",
        "resolved": "2.88.9",
        "contentHash": "kt06RccBHSnAs2wDYdBSfsjIDbY3EpsOVqnlDgKdgvyuRA8ZFDaHRdWNx1VHjGgYzmnFCGiTJBnXFl5BqGwGnA=="
      },
      "SkiaSharp.NativeAssets.Win32": {
        "type": "Transitive",
        "resolved": "2.88.9",
        "contentHash": "wb2kYgU7iy84nQLYZwMeJXixvK++GoIuECjU4ECaUKNuflyRlJKyiRhN1MAHswvlvzuvkrjRWlK0Za6+kYQK7w=="
      },
      "Tmds.DBus.Protocol": {
        "type": "Transitive",
        "resolved": "0.21.2",
        "contentHash": "ScSMrUrrw8px4kK1Glh0fZv/HQUlg1078bNXNPfRPKQ3WbRzV9HpsydYEOgSoMK5LWICMf2bMwIFH0pGjxjcMA=="
      },
      "xunit.abstractions": {
        "type": "Transitive",
        "resolved": "2.0.3",
        "contentHash": "pot1I4YOxlWjIb5jmwvvQNbTrZ3lJQ+jUGkGjWE3hEFM0l5gOnBWS+H3qsex68s5cO52g+44vpGzhAt+42vwKg=="
      },
      "xunit.analyzers": {
        "type": "Transitive",
        "resolved": "1.16.0",
        "contentHash": "hptYM7vGr46GUIgZt21YHO4rfuBAQS2eINbFo16CV/Dqq+24Tp+P5gDCACu1AbFfW4Sp/WRfDPSK8fmUUb8s0Q=="
      },
      "xunit.assert": {
        "type": "Transitive",
        "resolved": "2.9.2",
        "contentHash": "QkNBAQG4pa66cholm28AxijBjrmki98/vsEh4Sx5iplzotvPgpiotcxqJQMRC8d7RV7nIT8ozh97957hDnZwsQ=="
      },
      "xunit.core": {
        "type": "Transitive",
        "resolved": "2.9.2",
        "contentHash": "O6RrNSdmZ0xgEn5kT927PNwog5vxTtKrWMihhhrT0Sg9jQ7iBDciYOwzBgP2krBEk5/GBXI18R1lKvmnxGcb4w==",
        "dependencies": {
          "xunit.extensibility.core": "[2.9.2]",
          "xunit.extensibility.execution": "[2.9.2]"
        }
      },
      "xunit.extensibility.core": {
        "type": "Transitive",
        "resolved": "2.9.2",
        "contentHash": "Ol+KlBJz1x8BrdnhN2DeOuLrr1I/cTwtHCggL9BvYqFuVd/TUSzxNT5O0NxCIXth30bsKxgMfdqLTcORtM52yQ==",
        "dependencies": {
          "xunit.abstractions": "2.0.3"
        }
      },
      "xunit.extensibility.execution": {
        "type": "Transitive",
        "resolved": "2.9.2",
        "contentHash": "rKMpq4GsIUIJibXuZoZ8lYp5EpROlnYaRpwu9Zr0sRZXE7JqJfEEbCsUriZqB+ByXCLFBJyjkTRULMdC+U566g==",
        "dependencies": {
          "xunit.extensibility.core": "[2.9.2]"
        }
      },
      "ngwebgal": {
        "type": "Project",
        "dependencies": {
          "Avalonia": "[11.3.9, )",
          "Avalonia.Desktop": "[11.3.9, )",
          "Avalonia.Diagnostics": "[11.3.9, )",
          "Avalonia.Fonts.Inter": "[11.3.9, )",
          "Avalonia.Skia": "[11.3.9, )",
          "Avalonia.Themes.Fluent": "[11.3.9, )",
          "CSharpMath.SkiaSharp": "[0.5.1, )",
          "Irony": "[1.5.3, )",
          "Irony.Interpreter": "[1.5.3, )",
          "Microsoft.Extensions.DependencyInjection": "[10.0.2, )",
          "NAudio": "[2.2.1, )",
          "SkiaSharp": "[2.88.9, )"
        }
      },
      "ngwebgal.editor": {
        "type": "Project",
        "dependencies": {
          "Avalonia": "[11.3.9, )",
          "Avalonia.Desktop": "[11.3.9, )",
          "Avalonia.Diagnostics": "[11.3.9, )",
          "Avalonia.Fonts.Inter": "[11.3.9, )",
          "Avalonia.Skia": "[11.3.9, )",
          "Avalonia.Themes.Fluent": "[11.3.9, )",
          "CommunityToolkit.Mvvm": "[8.4.0, )",
          "NGWebGal": "[1.0.0, )",
          "SkiaSharp": "[2.88.9, )"
        }
      }
    }
  }
}